
Microsoft Visual Studio Solution File, Format Version 12.00
# Visual Studio 2012
Project("{FAE04EC0-301F-11D3-BF4B-00C04F79EFBC}") = "Baibulo.Tests", "Baibulo.Tests\Baibulo.Tests.csproj", "{BCA8A493-B4E5-4D50-9265-0985623B201F}"
EndProject
Project("{FAE04EC0-301F-11D3-BF4B-00C04F79EFBC}") = "Baibulo.Web", "Baibulo.Web\Baibulo.Web.csproj", "{6D813B64-A2FE-4A0B-AEB0-8A1DF958B47C}"
EndProject
Project("{D954291E-2A0B-460D-934E-DC6B0785DB48}") = "Baibulo", "Baibulo\Baibulo.shproj", "{FD3B010F-C88F-4B08-8688-F491E6DA16B7}"
EndProject
Global
	GlobalSection(SolutionConfigurationPlatforms) = preSolution
		Debug|Any CPU = Debug|Any CPU
		Release|Any CPU = Release|Any CPU
	EndGlobalSection
	GlobalSection(ProjectConfigurationPlatforms) = postSolution
		{BCA8A493-B4E5-4D50-9265-0985623B201F}.Debug|Any CPU.ActiveCfg = Debug|Any CPU
		{BCA8A493-B4E5-4D50-9265-0985623B201F}.Debug|Any CPU.Build.0 = Debug|Any CPU
		{BCA8A493-B4E5-4D50-9265-0985623B201F}.Release|Any CPU.ActiveCfg = Release|Any CPU
		{BCA8A493-B4E5-4D50-9265-0985623B201F}.Release|Any CPU.Build.0 = Release|Any CPU
		{6D813B64-A2FE-4A0B-AEB0-8A1DF958B47C}.Debug|Any CPU.ActiveCfg = Debug|Any CPU
		{6D813B64-A2FE-4A0B-AEB0-8A1DF958B47C}.Debug|Any CPU.Build.0 = Debug|Any CPU
		{6D813B64-A2FE-4A0B-AEB0-8A1DF958B47C}.Release|Any CPU.ActiveCfg = Release|Any CPU
		{6D813B64-A2FE-4A0B-AEB0-8A1DF958B47C}.Release|Any CPU.Build.0 = Release|Any CPU
	EndGlobalSection
EndGlobal
